// !$*UTF8*$!
{
	archiveVersion = 1;
	classes = {
	};
	objectVersion = 50;
	objects = {

/* Begin PBXBuildFile section */
		B00FBEE1217B26AE00C175DC /* AppDelegate.swift in Sources */ = {isa = PBXBuildFile; fileRef = B00FBEE0217B26AE00C175DC /* AppDelegate.swift */; };
		B00FBEE3217B26AE00C175DC /* SearchVC.swift in Sources */ = {isa = PBXBuildFile; fileRef = B00FBEE2217B26AE00C175DC /* SearchVC.swift */; };
		B00FBEE6217B26AE00C175DC /* Main.storyboard in Resources */ = {isa = PBXBuildFile; fileRef = B00FBEE4217B26AE00C175DC /* Main.storyboard */; };
		B00FBEE8217B26AF00C175DC /* Assets.xcassets in Resources */ = {isa = PBXBuildFile; fileRef = B00FBEE7217B26AF00C175DC /* Assets.xcassets */; };
		B00FBEEB217B26AF00C175DC /* LaunchScreen.storyboard in Resources */ = {isa = PBXBuildFile; fileRef = B00FBEE9217B26AF00C175DC /* LaunchScreen.storyboard */; };
/* End PBXBuildFile section */

/* Begin PBXFileReference section */
		B00FBEDD217B26AE00C175DC /* Alpaka Post.app */ = {isa = PBXFileReference; explicitFileType = wrapper.application; includeInIndex = 0; path = "Alpaka Post.app"; sourceTree = BUILT_PRODUCTS_DIR; };
		B00FBEE0217B26AE00C175DC /* AppDelegate.swift */ = {isa = PBXFileReference; lastKnownFileType = sourcecode.swift; path = AppDelegate.swift; sourceTree = "<group>"; };
		B00FBEE2217B26AE00C175DC /* SearchVC.swift */ = {isa = PBXFileReference; lastKnownFileType = sourcecode.swift; path = SearchVC.swift; sourceTree = "<group>"; };
		B00FBEE5217B26AE00C175DC /* Base */ = {isa = PBXFileReference; lastKnownFileType = file.storyboard; name = Base; path = Base.lproj/Main.storyboard; sourceTree = "<group>"; };
		B00FBEE7217B26AF00C175DC /* Assets.xcassets */ = {isa = PBXFileReference; lastKnownFileType = folder.assetcatalog; path = Assets.xcassets; sourceTree = "<group>"; };
		B00FBEEA217B26AF00C175DC /* Base */ = {isa = PBXFileReference; lastKnownFileType = file.storyboard; name = Base; path = Base.lproj/LaunchScreen.storyboard; sourceTree = "<group>"; };
		B00FBEEC217B26AF00C175DC /* Info.plist */ = {isa = PBXFileReference; lastKnownFileType = text.plist.xml; path = Info.plist; sourceTree = "<group>"; };
/* End PBXFileReference section */

/* Begin PBXFrameworksBuildPhase section */
		B00FBEDA217B26AE00C175DC /* Frameworks */ = {
			isa = PBXFrameworksBuildPhase;
			buildActionMask = 2147483647;
			files = (
			);
			runOnlyForDeploymentPostprocessing = 0;
		};
/* End PBXFrameworksBuildPhase section */

/* Begin PBXGroup section */
		B00FBED4217B26AE00C175DC = {
			isa = PBXGroup;
			children = (
				B00FBEDF217B26AE00C175DC /* Alpaka Post */,
				B00FBEDE217B26AE00C175DC /* Products */,
			);
			sourceTree = "<group>";
		};
		B00FBEDE217B26AE00C175DC /* Products */ = {
			isa = PBXGroup;
			children = (
				B00FBEDD217B26AE00C175DC /* Alpaka Post.app */,
			);
			name = Products;
			sourceTree = "<group>";
		};
		B00FBEDF217B26AE00C175DC /* Alpaka Post */ = {
			isa = PBXGroup;
			children = (
				B00FBEE0217B26AE00C175DC /* AppDelegate.swift */,
				B00FBEE2217B26AE00C175DC /* SearchVC.swift */,
				B00FBEE4217B26AE00C175DC /* Main.storyboard */,
				B00FBEE7217B26AF00C175DC /* Assets.xcassets */,
				B00FBEE9217B26AF00C175DC /* LaunchScreen.storyboard */,
				B00FBEEC217B26AF00C175DC /* Info.plist */,
			);
			path = "Alpaka Post";
			sourceTree = "<group>";
		};
/* End PBXGroup section */

/* Begin PBXNativeTarget section */
		B00FBEDC217B26AE00C175DC /* Alpaka Post */ = {
			isa = PBXNativeTarget;
			buildConfigurationList = B00FBEEF217B26AF00C175DC /* Build configuration list for PBXNativeTarget "Alpaka Post" */;
			buildPhases = (
				B00FBED9217B26AE00C175DC /* Sources */,
				B00FBEDA217B26AE00C175DC /* Frameworks */,
				B00FBEDB217B26AE00C175DC /* Resources */,
			);
			buildRules = (
			);
			dependencies = (
			);
			name = "Alpaka Post";
			productName = "Alpaka Post";
			productReference = B00FBEDD217B26AE00C175DC /* Alpaka Post.app */;
			productType = "com.apple.product-type.application";
		};
/* End PBXNativeTarget section */

/* Begin PBXProject section */
		B00FBED5217B26AE00C175DC /* Project object */ = {
			isa = PBXProject;
			attributes = {
				LastSwiftUpdateCheck = 1000;
				LastUpgradeCheck = 1000;
				ORGANIZATIONNAME = "Fynn Kiwitt";
				TargetAttributes = {
					B00FBEDC217B26AE00C175DC = {
						CreatedOnToolsVersion = 10.0;
					};
				};
			};
			buildConfigurationList = B00FBED8217B26AE00C175DC /* Build configuration list for PBXProject "Alpaka Post" */;
			compatibilityVersion = "Xcode 9.3";
			developmentRegion = en;
			hasScannedForEncodings = 0;
			knownRegions = (
				en,
				Base,
			);
			mainGroup = B00FBED4217B26AE00C175DC;
			productRefGroup = B00FBEDE217B26AE00C175DC /* Products */;
			projectDirPath = "";
			projectRoot = "";
			targets = (
				B00FBEDC217B26AE00C175DC /* Alpaka Post */,
			);
		};
/* End PBXProject section */

/* Begin PBXResourcesBuildPhase section */
		B00FBEDB217B26AE00C175DC /* Resources */ = {
			isa = PBXResourcesBuildPhase;
			buildActionMask = 2147483647;
			files = (
				B00FBEEB217B26AF00C175DC /* LaunchScreen.storyboard in Resources */,
				B00FBEE8217B26AF00C175DC /* Assets.xcassets in Resources */,
				B00FBEE6217B26AE00C175DC /* Main.storyboard in Resources */,
			);
			runOnlyForDeploymentPostprocessing = 0;
		};
/* End PBXResourcesBuildPhase section */

/* Begin PBXSourcesBuildPhase section */
		B00FBED9217B26AE00C175DC /* Sources */ = {
			isa = PBXSourcesBuildPhase;
			buildActionMask = 2147483647;
			files = (
				B00FBEE3217B26AE00C175DC /* SearchVC.swift in Sources */,
				B00FBEE1217B26AE00C175DC /* AppDelegate.swift in Sources */,
			);
			runOnlyForDeploymentPostprocessing = 0;
		};
/* End PBXSourcesBuildPhase section */

/* Begin PBXVariantGroup section */
		B00FBEE4217B26AE00C175DC /* Main.storyboard */ = {
			isa = PBXVariantGroup;
			children = (
				B00FBEE5217B26AE00C175DC /* Base */,
			);
			name = Main.storyboard;
			sourceTree = "<group>";
		};
		B00FBEE9217B26AF00C175DC /* LaunchScreen.storyboard */ = {
			isa = PBXVariantGroup;
			children = (
				B00FBEEA217B26AF00C175DC /* Base */,
			);
			name = LaunchScreen.storyboard;
			sourceTree = "<group>";
		};
/* End PBXVariantGroup section */

/* Begin XCBuildConfiguration section */
		B00FBEED217B26AF00C175DC /* Debug */ = {
			isa = XCBuildConfiguration;
			buildSettings = {
				ALWAYS_SEARCH_USER_PATHS = NO;
				CLANG_ANALYZER_NONNULL = YES;
				CLANG_ANALYZER_NUMBER_OBJECT_CONVERSION = YES_AGGRESSIVE;
				CLANG_CXX_LANGUAGE_STANDARD = "gnu++14";
				CLANG_CXX_LIBRARY = "libc++";
				CLANG_ENABLE_MODULES = YES;
				CLANG_ENABLE_OBJC_ARC = YES;
				CLANG_ENABLE_OBJC_WEAK = YES;
				CLANG_WARN_BLOCK_CAPTURE_AUTORELEASING = YES;
				CLANG_WARN_BOOL_CONVERSION = YES;
				CLANG_WARN_COMMA = YES;
				CLANG_WARN_CONSTANT_CONVERSION = YES;
				CLANG_WARN_DEPRECATED_OBJC_IMPLEMENTATIONS = YES;
				CLANG_WARN_DIRECT_OBJC_ISA_USAGE = YES_ERROR;
				CLANG_WARN_DOCUMENTATION_COMMENTS = YES;
				CLANG_WARN_EMPTY_BODY = YES;
				CLANG_WARN_ENUM_CONVERSION = YES;
				CLANG_WARN_INFINITE_RECURSION = YES;
				CLANG_WARN_INT_CONVERSION = YES;
				CLANG_WARN_NON_LITERAL_NULL_CONVERSION = YES;
				CLANG_WARN_OBJC_IMPLICIT_RETAIN_SELF = YES;
				CLANG_WARN_OBJC_LITERAL_CONVERSION = YES;
				CLANG_WARN_OBJC_ROOT_CLASS = YES_ERROR;
				CLANG_WARN_RANGE_LOOP_ANALYSIS = YES;
				CLANG_WARN_STRICT_PROTOTYPES = YES;
				CLANG_WARN_SUSPICIOUS_MOVE = YES;
				CLANG_WARN_UNGUARDED_AVAILABILITY = YES_AGGRESSIVE;
				CLANG_WARN_UNREACHABLE_CODE = YES;
				CLANG_WARN__DUPLICATE_METHOD_MATCH = YES;
				CODE_SIGN_IDENTITY = "iPhone Developer";
				COPY_PHASE_STRIP = NO;
				DEBUG_INFORMATION_FORMAT = dwarf;
				ENABLE_STRICT_OBJC_MSGSEND = YES;
				ENABLE_TESTABILITY = YES;
				GCC_C_LANGUAGE_STANDARD = gnu11;
				GCC_DYNAMIC_NO_PIC = NO;
				GCC_NO_COMMON_BLOCKS = YES;
				GCC_OPTIMIZATION_LEVEL = 0;
				GCC_PREPROCESSOR_DEFINITIONS = (
					"DEBUG=1",
					"$(inherited)",
				);
				GCC_WARN_64_TO_32_BIT_CONVERSION = YES;
				GCC_WARN_ABOUT_RETURN_TYPE = YES_ERROR;
				GCC_WARN_UNDECLARED_SELECTOR = YES;
				GCC_WARN_UNINITIALIZED_AUTOS = YES_AGGRESSIVE;
				GCC_WARN_UNUSED_FUNCTION = YES;
				GCC_WARN_UNUSED_VARIABLE = YES;
				IPHONEOS_DEPLOYMENT_TARGET = 12.0;
				MTL_ENABLE_DEBUG_INFO = INCLUDE_SOURCE;
				MTL_FAST_MATH = YES;
				ONLY_ACTIVE_ARCH = YES;
				SDKROOT = iphoneos;
				SWIFT_ACTIVE_COMPILATION_CONDITIONS = DEBUG;
				SWIFT_OPTIMIZATION_LEVEL = "-Onone";
			};
			name = Debug;
		};
		B00FBEEE217B26AF00C175DC /* Release */ = {
			isa = XCBuildConfiguration;
			buildSettings = {
				ALWAYS_SEARCH_USER_PATHS = NO;
				CLANG_ANALYZER_NONNULL = YES;
				CLANG_ANALYZER_NUMBER_OBJECT_CONVERSION = YES_AGGRESSIVE;
				CLANG_CXX_LANGUAGE_STANDARD = "gnu++14";
				CLANG_CXX_LIBRARY = "libc++";
				CLANG_ENABLE_MODULES = YES;
				CLANG_ENABLE_OBJC_ARC = YES;
				CLANG_ENABLE_OBJC_WEAK = YES;
				CLANG_WARN_BLOCK_CAPTURE_AUTORELEASING = YES;
				CLANG_WARN_BOOL_CONVERSION = YES;
				CLANG_WARN_COMMA = YES;
				CLANG_WARN_CONSTANT_CONVERSION = YES;
				CLANG_WARN_DEPRECATED_OBJC_IMPLEMENTATIONS = YES;
				CLANG_WARN_DIRECT_OBJC_ISA_USAGE = YES_ERROR;
				CLANG_WARN_DOCUMENTATION_COMMENTS = YES;
				CLANG_WARN_EMPTY_BODY = YES;
				CLANG_WARN_ENUM_CONVERSION = YES;
				CLANG_WARN_INFINITE_RECURSION = YES;
				CLANG_WARN_INT_CONVERSION = YES;
				CLANG_WARN_NON_LITERAL_NULL_CONVERSION = YES;
				CLANG_WARN_OBJC_IMPLICIT_RETAIN_SELF = YES;
				CLANG_WARN_OBJC_LITERAL_CONVERSION = YES;
				CLANG_WARN_OBJC_ROOT_CLASS = YES_ERROR;
				CLANG_WARN_RANGE_LOOP_ANALYSIS = YES;
				CLANG_WARN_STRICT_PROTOTYPES = YES;
				CLANG_WARN_SUSPICIOUS_MOVE = YES;
				CLANG_WARN_UNGUARDED_AVAILABILITY = YES_AGGRESSIVE;
				CLANG_WARN_UNREACHABLE_CODE = YES;
				CLANG_WARN__DUPLICATE_METHOD_MATCH = YES;
				CODE_SIGN_IDENTITY = "iPhone Developer";
				COPY_PHASE_STRIP = NO;
				DEBUG_INFORMATION_FORMAT = "dwarf-with-dsym";
				ENABLE_NS_ASSERTIONS = NO;
				ENABLE_STRICT_OBJC_MSGSEND = YES;
				GCC_C_LANGUAGE_STANDARD = gnu11;
				GCC_NO_COMMON_BLOCKS = YES;
				GCC_WARN_64_TO_32_BIT_CONVERSION = YES;
				GCC_WARN_ABOUT_RETURN_TYPE = YES_ERROR;
				GCC_WARN_UNDECLARED_SELECTOR = YES;
				GCC_WARN_UNINITIALIZED_AUTOS = YES_AGGRESSIVE;
				GCC_WARN_UNUSED_FUNCTION = YES;
				GCC_WARN_UNUSED_VARIABLE = YES;
				IPHONEOS_DEPLOYMENT_TARGET = 12.0;
				MTL_ENABLE_DEBUG_INFO = NO;
				MTL_FAST_MATH = YES;
				SDKROOT = iphoneos;
				SWIFT_COMPILATION_MODE = wholemodule;
				SWIFT_OPTIMIZATION_LEVEL = "-O";
				VALIDATE_PRODUCT = YES;
			};
			name = Release;
		};
		B00FBEF0217B26AF00C175DC /* Debug */ = {
			isa = XCBuildConfiguration;
			buildSettings = {
				ASSETCATALOG_COMPILER_APPICON_NAME = AppIcon;
				CODE_SIGN_STYLE = Automatic;
				DEVELOPMENT_TEAM = KVCPY3737Z;
				INFOPLIST_FILE = "Alpaka Post/Info.plist";
				LD_RUNPATH_SEARCH_PATHS = (
					"$(inherited)",
					"@executable_path/Frameworks",
				);
				PRODUCT_BUNDLE_IDENTIFIER = "fynnkiwitt.Alpaka-Post";
				PRODUCT_NAME = "$(TARGET_NAME)";
				SWIFT_VERSION = 4.2;
				TARGETED_DEVICE_FAMILY = "1,2";
			};
			name = Debug;
		};
		B00FBEF1217B26AF00C175DC /* Release */ = {
			isa = XCBuildConfiguration;
			buildSettings = {
				ASSETCATALOG_COMPILER_APPICON_NAME = AppIcon;
				CODE_SIGN_STYLE = Automatic;
				DEVELOPMENT_TEAM = KVCPY3737Z;
				INFOPLIST_FILE = "Alpaka Post/Info.plist";
				LD_RUNPATH_SEARCH_PATHS = (
					"$(inherited)",
					"@executable_path/Frameworks",
				);
				PRODUCT_BUNDLE_IDENTIFIER = "fynnkiwitt.Alpaka-Post";
				PRODUCT_NAME = "$(TARGET_NAME)";
				SWIFT_VERSION = 4.2;
				TARGETED_DEVICE_FAMILY = "1,2";
			};
			name = Release;
		};
/* End XCBuildConfiguration section */

/* Begin XCConfigurationList section */
		B00FBED8217B26AE00C175DC /* Build configuration list for PBXProject "Alpaka Post" */ = {
			isa = XCConfigurationList;
			buildConfigurations = (
				B00FBEED217B26AF00C175DC /* Debug */,
				B00FBEEE217B26AF00C175DC /* Release */,
			);
			defaultConfigurationIsVisible = 0;
			defaultConfigurationName = Release;
		};
		B00FBEEF217B26AF00C175DC /* Build configuration list for PBXNativeTarget "Alpaka Post" */ = {
			isa = XCConfigurationList;
			buildConfigurations = (
				B00FBEF0217B26AF00C175DC /* Debug */,
				B00FBEF1217B26AF00C175DC /* Release */,
			);
			defaultConfigurationIsVisible = 0;
			defaultConfigurationName = Release;
		};
/* End XCConfigurationList section */
	};
	rootObject = B00FBED5217B26AE00C175DC /* Project object */;
}
